// !$*UTF8*$!
{
	archiveVersion = 1;
	classes = {
	};
	objectVersion = 56;
	objects = {

/* Begin PBXBuildFile section */
		023B23F8294809AD0059654C /* DQAppApp.swift in Sources */ = {isa = PBXBuildFile; fileRef = 023B23F7294809AD0059654C /* DQAppApp.swift */; };
		023B23FA294809AD0059654C /* ContentView.swift in Sources */ = {isa = PBXBuildFile; fileRef = 023B23F9294809AD0059654C /* ContentView.swift */; };
		023B23FC294809AF0059654C /* Assets.xcassets in Resources */ = {isa = PBXBuildFile; fileRef = 023B23FB294809AF0059654C /* Assets.xcassets */; };
		023B23FF294809AF0059654C /* Preview Assets.xcassets in Resources */ = {isa = PBXBuildFile; fileRef = 023B23FE294809AF0059654C /* Preview Assets.xcassets */; };
		023B2406294814F80059654C /* SignInView.swift in Sources */ = {isa = PBXBuildFile; fileRef = 023B2405294814F80059654C /* SignInView.swift */; };
		02F7041D294822FE003A68AD /* GoogleService-Info.plist in Resources */ = {isa = PBXBuildFile; fileRef = 02F7041C294822FE003A68AD /* GoogleService-Info.plist */; };
		02F7041F29482412003A68AD /* DQViewModel.swift in Sources */ = {isa = PBXBuildFile; fileRef = 02F7041E29482412003A68AD /* DQViewModel.swift */; };
		02F704212948358C003A68AD /* SignUpView.swift in Sources */ = {isa = PBXBuildFile; fileRef = 02F704202948358C003A68AD /* SignUpView.swift */; };
		02F7043D294A95BE003A68AD /* mapView.swift in Sources */ = {isa = PBXBuildFile; fileRef = 02F7043C294A95BE003A68AD /* mapView.swift */; };
		7D19C7E0F169D586E409E2EA /* Pods_DQApp.framework in Frameworks */ = {isa = PBXBuildFile; fileRef = 85D107EBE4ACB94F46C05A8A /* Pods_DQApp.framework */; };
/* End PBXBuildFile section */

/* Begin PBXFileReference section */
		023B23F4294809AD0059654C /* DQApp.app */ = {isa = PBXFileReference; explicitFileType = wrapper.application; includeInIndex = 0; path = DQApp.app; sourceTree = BUILT_PRODUCTS_DIR; };
		023B23F7294809AD0059654C /* DQAppApp.swift */ = {isa = PBXFileReference; lastKnownFileType = sourcecode.swift; path = DQAppApp.swift; sourceTree = "<group>"; };
		023B23F9294809AD0059654C /* ContentView.swift */ = {isa = PBXFileReference; lastKnownFileType = sourcecode.swift; path = ContentView.swift; sourceTree = "<group>"; };
		023B23FB294809AF0059654C /* Assets.xcassets */ = {isa = PBXFileReference; lastKnownFileType = folder.assetcatalog; path = Assets.xcassets; sourceTree = "<group>"; };
		023B23FE294809AF0059654C /* Preview Assets.xcassets */ = {isa = PBXFileReference; lastKnownFileType = folder.assetcatalog; path = "Preview Assets.xcassets"; sourceTree = "<group>"; };
		023B2405294814F80059654C /* SignInView.swift */ = {isa = PBXFileReference; lastKnownFileType = sourcecode.swift; path = SignInView.swift; sourceTree = "<group>"; };
		02F7041C294822FE003A68AD /* GoogleService-Info.plist */ = {isa = PBXFileReference; fileEncoding = 4; lastKnownFileType = text.plist.xml; name = "GoogleService-Info.plist"; path = "../../../../Desktop/GoogleService-Info.plist"; sourceTree = "<group>"; };
		02F7041E29482412003A68AD /* DQViewModel.swift */ = {isa = PBXFileReference; lastKnownFileType = sourcecode.swift; path = DQViewModel.swift; sourceTree = "<group>"; };
		02F704202948358C003A68AD /* SignUpView.swift */ = {isa = PBXFileReference; lastKnownFileType = sourcecode.swift; path = SignUpView.swift; sourceTree = "<group>"; };
		02F7043C294A95BE003A68AD /* mapView.swift */ = {isa = PBXFileReference; lastKnownFileType = sourcecode.swift; path = mapView.swift; sourceTree = "<group>"; };
		393DD81B0BB475D40ACFB154 /* Pods-DQApp.debug.xcconfig */ = {isa = PBXFileReference; includeInIndex = 1; lastKnownFileType = text.xcconfig; name = "Pods-DQApp.debug.xcconfig"; path = "Target Support Files/Pods-DQApp/Pods-DQApp.debug.xcconfig"; sourceTree = "<group>"; };
		71FE20A91350784331AFE3EC /* Pods-DQApp.release.xcconfig */ = {isa = PBXFileReference; includeInIndex = 1; lastKnownFileType = text.xcconfig; name = "Pods-DQApp.release.xcconfig"; path = "Target Support Files/Pods-DQApp/Pods-DQApp.release.xcconfig"; sourceTree = "<group>"; };
		85D107EBE4ACB94F46C05A8A /* Pods_DQApp.framework */ = {isa = PBXFileReference; explicitFileType = wrapper.framework; includeInIndex = 0; path = Pods_DQApp.framework; sourceTree = BUILT_PRODUCTS_DIR; };
/* End PBXFileReference section */

/* Begin PBXFrameworksBuildPhase section */
		023B23F1294809AD0059654C /* Frameworks */ = {
			isa = PBXFrameworksBuildPhase;
			buildActionMask = 2147483647;
			files = (
				7D19C7E0F169D586E409E2EA /* Pods_DQApp.framework in Frameworks */,
			);
			runOnlyForDeploymentPostprocessing = 0;
		};
/* End PBXFrameworksBuildPhase section */

/* Begin PBXGroup section */
		023B23EB294809AD0059654C = {
			isa = PBXGroup;
			children = (
				023B23F6294809AD0059654C /* DQApp */,
				023B23F5294809AD0059654C /* Products */,
				5F77DFA27680136E7D106D42 /* Pods */,
				D08F7E880981F5CE721D93DF /* Frameworks */,
			);
			sourceTree = "<group>";
		};
		023B23F5294809AD0059654C /* Products */ = {
			isa = PBXGroup;
			children = (
				023B23F4294809AD0059654C /* DQApp.app */,
			);
			name = Products;
			sourceTree = "<group>";
		};
		023B23F6294809AD0059654C /* DQApp */ = {
			isa = PBXGroup;
			children = (
				02F7047A294C450F003A68AD /* Resources */,
				02F70479294C450D003A68AD /* Network */,
				02F70478294C450B003A68AD /* ViewModel */,
				02F70477294C4508003A68AD /* Views */,
				02F70476294C44F0003A68AD /* Model */,
				02F7041C294822FE003A68AD /* GoogleService-Info.plist */,
				023B23FB294809AF0059654C /* Assets.xcassets */,
				023B23FD294809AF0059654C /* Preview Content */,
			);
			path = DQApp;
			sourceTree = "<group>";
		};
		023B23FD294809AF0059654C /* Preview Content */ = {
			isa = PBXGroup;
			children = (
				023B23FE294809AF0059654C /* Preview Assets.xcassets */,
			);
			path = "Preview Content";
			sourceTree = "<group>";
		};
		02F70476294C44F0003A68AD /* Model */ = {
			isa = PBXGroup;
			children = (
			);
			path = Model;
			sourceTree = "<group>";
		};
		02F70477294C4508003A68AD /* Views */ = {
			isa = PBXGroup;
			children = (
				02F7043C294A95BE003A68AD /* mapView.swift */,
				02F704202948358C003A68AD /* SignUpView.swift */,
				023B2405294814F80059654C /* SignInView.swift */,
				023B23F9294809AD0059654C /* ContentView.swift */,
			);
			path = Views;
			sourceTree = "<group>";
		};
		02F70478294C450B003A68AD /* ViewModel */ = {
			isa = PBXGroup;
			children = (
				02F7041E29482412003A68AD /* DQViewModel.swift */,
			);
			path = ViewModel;
			sourceTree = "<group>";
		};
		02F70479294C450D003A68AD /* Network */ = {
			isa = PBXGroup;
			children = (
			);
			path = Network;
			sourceTree = "<group>";
		};
		02F7047A294C450F003A68AD /* Resources */ = {
			isa = PBXGroup;
			children = (
				023B23F7294809AD0059654C /* DQAppApp.swift */,
			);
			path = Resources;
			sourceTree = "<group>";
		};
		5F77DFA27680136E7D106D42 /* Pods */ = {
			isa = PBXGroup;
			children = (
				393DD81B0BB475D40ACFB154 /* Pods-DQApp.debug.xcconfig */,
				71FE20A91350784331AFE3EC /* Pods-DQApp.release.xcconfig */,
			);
			path = Pods;
			sourceTree = "<group>";
		};
		D08F7E880981F5CE721D93DF /* Frameworks */ = {
			isa = PBXGroup;
			children = (
				85D107EBE4ACB94F46C05A8A /* Pods_DQApp.framework */,
			);
			name = Frameworks;
			sourceTree = "<group>";
		};
/* End PBXGroup section */

/* Begin PBXNativeTarget section */
		023B23F3294809AD0059654C /* DQApp */ = {
			isa = PBXNativeTarget;
			buildConfigurationList = 023B2402294809AF0059654C /* Build configuration list for PBXNativeTarget "DQApp" */;
			buildPhases = (
				498DC4737445F8300BD73CFA /* [CP] Check Pods Manifest.lock */,
				023B23F0294809AD0059654C /* Sources */,
				023B23F1294809AD0059654C /* Frameworks */,
				023B23F2294809AD0059654C /* Resources */,
				97051A5BA905AC794E2E3BC0 /* [CP] Embed Pods Frameworks */,
			);
			buildRules = (
			);
			dependencies = (
			);
			name = DQApp;
			productName = DQApp;
			productReference = 023B23F4294809AD0059654C /* DQApp.app */;
			productType = "com.apple.product-type.application";
		};
/* End PBXNativeTarget section */

/* Begin PBXProject section */
		023B23EC294809AD0059654C /* Project object */ = {
			isa = PBXProject;
			attributes = {
				BuildIndependentTargetsInParallel = 1;
				LastSwiftUpdateCheck = 1400;
				LastUpgradeCheck = 1400;
				TargetAttributes = {
					023B23F3294809AD0059654C = {
						CreatedOnToolsVersion = 14.0.1;
					};
				};
			};
			buildConfigurationList = 023B23EF294809AD0059654C /* Build configuration list for PBXProject "DQApp" */;
			compatibilityVersion = "Xcode 14.0";
			developmentRegion = en;
			hasScannedForEncodings = 0;
			knownRegions = (
				en,
				Base,
			);
			mainGroup = 023B23EB294809AD0059654C;
			productRefGroup = 023B23F5294809AD0059654C /* Products */;
			projectDirPath = "";
			projectRoot = "";
			targets = (
				023B23F3294809AD0059654C /* DQApp */,
			);
		};
/* End PBXProject section */

/* Begin PBXResourcesBuildPhase section */
		023B23F2294809AD0059654C /* Resources */ = {
			isa = PBXResourcesBuildPhase;
			buildActionMask = 2147483647;
			files = (
				023B23FF294809AF0059654C /* Preview Assets.xcassets in Resources */,
				023B23FC294809AF0059654C /* Assets.xcassets in Resources */,
				02F7041D294822FE003A68AD /* GoogleService-Info.plist in Resources */,
			);
			runOnlyForDeploymentPostprocessing = 0;
		};
/* End PBXResourcesBuildPhase section */

/* Begin PBXShellScriptBuildPhase section */
		498DC4737445F8300BD73CFA /* [CP] Check Pods Manifest.lock */ = {
			isa = PBXShellScriptBuildPhase;
			buildActionMask = 2147483647;
			files = (
			);
			inputFileListPaths = (
			);
			inputPaths = (
				"${PODS_PODFILE_DIR_PATH}/Podfile.lock",
				"${PODS_ROOT}/Manifest.lock",
			);
			name = "[CP] Check Pods Manifest.lock";
			outputFileListPaths = (
			);
			outputPaths = (
				"$(DERIVED_FILE_DIR)/Pods-DQApp-checkManifestLockResult.txt",
			);
			runOnlyForDeploymentPostprocessing = 0;
			shellPath = /bin/sh;
			shellScript = "diff \"${PODS_PODFILE_DIR_PATH}/Podfile.lock\" \"${PODS_ROOT}/Manifest.lock\" > /dev/null\nif [ $? != 0 ] ; then\n    # print error to STDERR\n    echo \"error: The sandbox is not in sync with the Podfile.lock. Run 'pod install' or update your CocoaPods installation.\" >&2\n    exit 1\nfi\n# This output is used by Xcode 'outputs' to avoid re-running this script phase.\necho \"SUCCESS\" > \"${SCRIPT_OUTPUT_FILE_0}\"\n";
			showEnvVarsInLog = 0;
		};
		97051A5BA905AC794E2E3BC0 /* [CP] Embed Pods Frameworks */ = {
			isa = PBXShellScriptBuildPhase;
			buildActionMask = 2147483647;
			files = (
			);
			inputFileListPaths = (
				"${PODS_ROOT}/Target Support Files/Pods-DQApp/Pods-DQApp-frameworks-${CONFIGURATION}-input-files.xcfilelist",
			);
			name = "[CP] Embed Pods Frameworks";
			outputFileListPaths = (
				"${PODS_ROOT}/Target Support Files/Pods-DQApp/Pods-DQApp-frameworks-${CONFIGURATION}-output-files.xcfilelist",
			);
			runOnlyForDeploymentPostprocessing = 0;
			shellPath = /bin/sh;
			shellScript = "\"${PODS_ROOT}/Target Support Files/Pods-DQApp/Pods-DQApp-frameworks.sh\"\n";
			showEnvVarsInLog = 0;
		};
/* End PBXShellScriptBuildPhase section */

/* Begin PBXSourcesBuildPhase section */
		023B23F0294809AD0059654C /* Sources */ = {
			isa = PBXSourcesBuildPhase;
			buildActionMask = 2147483647;
			files = (
				023B2406294814F80059654C /* SignInView.swift in Sources */,
				02F704212948358C003A68AD /* SignUpView.swift in Sources */,
				02F7041F29482412003A68AD /* DQViewModel.swift in Sources */,
				023B23FA294809AD0059654C /* ContentView.swift in Sources */,
				023B23F8294809AD0059654C /* DQAppApp.swift in Sources */,
				02F7043D294A95BE003A68AD /* mapView.swift in Sources */,
			);
			runOnlyForDeploymentPostprocessing = 0;
		};
/* End PBXSourcesBuildPhase section */

/* Begin XCBuildConfiguration section */
		023B2400294809AF0059654C /* Debug */ = {
			isa = XCBuildConfiguration;
			buildSettings = {
				ALWAYS_SEARCH_USER_PATHS = NO;
				CLANG_ANALYZER_NONNULL = YES;
				CLANG_ANALYZER_NUMBER_OBJECT_CONVERSION = YES_AGGRESSIVE;
				CLANG_CXX_LANGUAGE_STANDARD = "gnu++20";
				CLANG_ENABLE_MODULES = YES;
				CLANG_ENABLE_OBJC_ARC = YES;
				CLANG_ENABLE_OBJC_WEAK = YES;
				CLANG_WARN_BLOCK_CAPTURE_AUTORELEASING = YES;
				CLANG_WARN_BOOL_CONVERSION = YES;
				CLANG_WARN_COMMA = YES;
				CLANG_WARN_CONSTANT_CONVERSION = YES;
				CLANG_WARN_DEPRECATED_OBJC_IMPLEMENTATIONS = YES;
				CLANG_WARN_DIRECT_OBJC_ISA_USAGE = YES_ERROR;
				CLANG_WARN_DOCUMENTATION_COMMENTS = YES;
				CLANG_WARN_EMPTY_BODY = YES;
				CLANG_WARN_ENUM_CONVERSION = YES;
				CLANG_WARN_INFINITE_RECURSION = YES;
				CLANG_WARN_INT_CONVERSION = YES;
				CLANG_WARN_NON_LITERAL_NULL_CONVERSION = YES;
				CLANG_WARN_OBJC_IMPLICIT_RETAIN_SELF = YES;
				CLANG_WARN_OBJC_LITERAL_CONVERSION = YES;
				CLANG_WARN_OBJC_ROOT_CLASS = YES_ERROR;
				CLANG_WARN_QUOTED_INCLUDE_IN_FRAMEWORK_HEADER = YES;
				CLANG_WARN_RANGE_LOOP_ANALYSIS = YES;
				CLANG_WARN_STRICT_PROTOTYPES = YES;
				CLANG_WARN_SUSPICIOUS_MOVE = YES;
				CLANG_WARN_UNGUARDED_AVAILABILITY = YES_AGGRESSIVE;
				CLANG_WARN_UNREACHABLE_CODE = YES;
				CLANG_WARN__DUPLICATE_METHOD_MATCH = YES;
				COPY_PHASE_STRIP = NO;
				DEBUG_INFORMATION_FORMAT = dwarf;
				ENABLE_STRICT_OBJC_MSGSEND = YES;
				ENABLE_TESTABILITY = YES;
				GCC_C_LANGUAGE_STANDARD = gnu11;
				GCC_DYNAMIC_NO_PIC = NO;
				GCC_NO_COMMON_BLOCKS = YES;
				GCC_OPTIMIZATION_LEVEL = 0;
				GCC_PREPROCESSOR_DEFINITIONS = (
					"DEBUG=1",
					"$(inherited)",
				);
				GCC_WARN_64_TO_32_BIT_CONVERSION = YES;
				GCC_WARN_ABOUT_RETURN_TYPE = YES_ERROR;
				GCC_WARN_UNDECLARED_SELECTOR = YES;
				GCC_WARN_UNINITIALIZED_AUTOS = YES_AGGRESSIVE;
				GCC_WARN_UNUSED_FUNCTION = YES;
				GCC_WARN_UNUSED_VARIABLE = YES;
				IPHONEOS_DEPLOYMENT_TARGET = 16.0;
				MTL_ENABLE_DEBUG_INFO = INCLUDE_SOURCE;
				MTL_FAST_MATH = YES;
				ONLY_ACTIVE_ARCH = YES;
				SDKROOT = iphoneos;
				SWIFT_ACTIVE_COMPILATION_CONDITIONS = DEBUG;
				SWIFT_OPTIMIZATION_LEVEL = "-Onone";
			};
			name = Debug;
		};
		023B2401294809AF0059654C /* Release */ = {
			isa = XCBuildConfiguration;
			buildSettings = {
				ALWAYS_SEARCH_USER_PATHS = NO;
				CLANG_ANALYZER_NONNULL = YES;
				CLANG_ANALYZER_NUMBER_OBJECT_CONVERSION = YES_AGGRESSIVE;
				CLANG_CXX_LANGUAGE_STANDARD = "gnu++20";
				CLANG_ENABLE_MODULES = YES;
				CLANG_ENABLE_OBJC_ARC = YES;
				CLANG_ENABLE_OBJC_WEAK = YES;
				CLANG_WARN_BLOCK_CAPTURE_AUTORELEASING = YES;
				CLANG_WARN_BOOL_CONVERSION = YES;
				CLANG_WARN_COMMA = YES;
				CLANG_WARN_CONSTANT_CONVERSION = YES;
				CLANG_WARN_DEPRECATED_OBJC_IMPLEMENTATIONS = YES;
				CLANG_WARN_DIRECT_OBJC_ISA_USAGE = YES_ERROR;
				CLANG_WARN_DOCUMENTATION_COMMENTS = YES;
				CLANG_WARN_EMPTY_BODY = YES;
				CLANG_WARN_ENUM_CONVERSION = YES;
				CLANG_WARN_INFINITE_RECURSION = YES;
				CLANG_WARN_INT_CONVERSION = YES;
				CLANG_WARN_NON_LITERAL_NULL_CONVERSION = YES;
				CLANG_WARN_OBJC_IMPLICIT_RETAIN_SELF = YES;
				CLANG_WARN_OBJC_LITERAL_CONVERSION = YES;
				CLANG_WARN_OBJC_ROOT_CLASS = YES_ERROR;
				CLANG_WARN_QUOTED_INCLUDE_IN_FRAMEWORK_HEADER = YES;
				CLANG_WARN_RANGE_LOOP_ANALYSIS = YES;
				CLANG_WARN_STRICT_PROTOTYPES = YES;
				CLANG_WARN_SUSPICIOUS_MOVE = YES;
				CLANG_WARN_UNGUARDED_AVAILABILITY = YES_AGGRESSIVE;
				CLANG_WARN_UNREACHABLE_CODE = YES;
				CLANG_WARN__DUPLICATE_METHOD_MATCH = YES;
				COPY_PHASE_STRIP = NO;
				DEBUG_INFORMATION_FORMAT = "dwarf-with-dsym";
				ENABLE_NS_ASSERTIONS = NO;
				ENABLE_STRICT_OBJC_MSGSEND = YES;
				GCC_C_LANGUAGE_STANDARD = gnu11;
				GCC_NO_COMMON_BLOCKS = YES;
				GCC_WARN_64_TO_32_BIT_CONVERSION = YES;
				GCC_WARN_ABOUT_RETURN_TYPE = YES_ERROR;
				GCC_WARN_UNDECLARED_SELECTOR = YES;
				GCC_WARN_UNINITIALIZED_AUTOS = YES_AGGRESSIVE;
				GCC_WARN_UNUSED_FUNCTION = YES;
				GCC_WARN_UNUSED_VARIABLE = YES;
				IPHONEOS_DEPLOYMENT_TARGET = 16.0;
				MTL_ENABLE_DEBUG_INFO = NO;
				MTL_FAST_MATH = YES;
				SDKROOT = iphoneos;
				SWIFT_COMPILATION_MODE = wholemodule;
				SWIFT_OPTIMIZATION_LEVEL = "-O";
				VALIDATE_PRODUCT = YES;
			};
			name = Release;
		};
		023B2403294809AF0059654C /* Debug */ = {
			isa = XCBuildConfiguration;
			baseConfigurationReference = 393DD81B0BB475D40ACFB154 /* Pods-DQApp.debug.xcconfig */;
			buildSettings = {
				ASSETCATALOG_COMPILER_APPICON_NAME = AppIcon;
				ASSETCATALOG_COMPILER_GLOBAL_ACCENT_COLOR_NAME = AccentColor;
				CODE_SIGN_STYLE = Automatic;
				CURRENT_PROJECT_VERSION = 1;
				DEVELOPMENT_ASSET_PATHS = "\"DQApp/Preview Content\"";
				ENABLE_PREVIEWS = YES;
				GENERATE_INFOPLIST_FILE = YES;
				INFOPLIST_KEY_UIApplicationSceneManifest_Generation = YES;
				INFOPLIST_KEY_UIApplicationSupportsIndirectInputEvents = YES;
				INFOPLIST_KEY_UILaunchScreen_Generation = YES;
				INFOPLIST_KEY_UISupportedInterfaceOrientations_iPad = "UIInterfaceOrientationPortrait UIInterfaceOrientationPortraitUpsideDown UIInterfaceOrientationLandscapeLeft UIInterfaceOrientationLandscapeRight";
				INFOPLIST_KEY_UISupportedInterfaceOrientations_iPhone = "UIInterfaceOrientationPortrait UIInterfaceOrientationLandscapeLeft UIInterfaceOrientationLandscapeRight";
				LD_RUNPATH_SEARCH_PATHS = (
					"$(inherited)",
					"@executable_path/Frameworks",
				);
				MARKETING_VERSION = 1.0;
				PRODUCT_BUNDLE_IDENTIFIER = enhanceIT.DQApp;
				PRODUCT_NAME = "$(TARGET_NAME)";
				SWIFT_EMIT_LOC_STRINGS = YES;
				SWIFT_VERSION = 5.0;
				TARGETED_DEVICE_FAMILY = "1,2";
			};
			name = Debug;
		};
		023B2404294809AF0059654C /* Release */ = {
			isa = XCBuildConfiguration;
			baseConfigurationReference = 71FE20A91350784331AFE3EC /* Pods-DQApp.release.xcconfig */;
			buildSettings = {
				ASSETCATALOG_COMPILER_APPICON_NAME = AppIcon;
				ASSETCATALOG_COMPILER_GLOBAL_ACCENT_COLOR_NAME = AccentColor;
				CODE_SIGN_STYLE = Automatic;
				CURRENT_PROJECT_VERSION = 1;
				DEVELOPMENT_ASSET_PATHS = "\"DQApp/Preview Content\"";
				ENABLE_PREVIEWS = YES;
				GENERATE_INFOPLIST_FILE = YES;
				INFOPLIST_KEY_UIApplicationSceneManifest_Generation = YES;
				INFOPLIST_KEY_UIApplicationSupportsIndirectInputEvents = YES;
				INFOPLIST_KEY_UILaunchScreen_Generation = YES;
				INFOPLIST_KEY_UISupportedInterfaceOrientations_iPad = "UIInterfaceOrientationPortrait UIInterfaceOrientationPortraitUpsideDown UIInterfaceOrientationLandscapeLeft UIInterfaceOrientationLandscapeRight";
				INFOPLIST_KEY_UISupportedInterfaceOrientations_iPhone = "UIInterfaceOrientationPortrait UIInterfaceOrientationLandscapeLeft UIInterfaceOrientationLandscapeRight";
				LD_RUNPATH_SEARCH_PATHS = (
					"$(inherited)",
					"@executable_path/Frameworks",
				);
				MARKETING_VERSION = 1.0;
				PRODUCT_BUNDLE_IDENTIFIER = enhanceIT.DQApp;
				PRODUCT_NAME = "$(TARGET_NAME)";
				SWIFT_EMIT_LOC_STRINGS = YES;
				SWIFT_VERSION = 5.0;
				TARGETED_DEVICE_FAMILY = "1,2";
			};
			name = Release;
		};
/* End XCBuildConfiguration section */

/* Begin XCConfigurationList section */
		023B23EF294809AD0059654C /* Build configuration list for PBXProject "DQApp" */ = {
			isa = XCConfigurationList;
			buildConfigurations = (
				023B2400294809AF0059654C /* Debug */,
				023B2401294809AF0059654C /* Release */,
			);
			defaultConfigurationIsVisible = 0;
			defaultConfigurationName = Release;
		};
		023B2402294809AF0059654C /* Build configuration list for PBXNativeTarget "DQApp" */ = {
			isa = XCConfigurationList;
			buildConfigurations = (
				023B2403294809AF0059654C /* Debug */,
				023B2404294809AF0059654C /* Release */,
			);
			defaultConfigurationIsVisible = 0;
			defaultConfigurationName = Release;
		};
/* End XCConfigurationList section */
	};
	rootObject = 023B23EC294809AD0059654C /* Project object */;
}
