// !$*UTF8*$!
{
	archiveVersion = 1;
	classes = {
	};
	objectVersion = 56;
	objects = {

/* Begin PBXBuildFile section */
		0234F74E2954EDC80012C528 /* PickupTimeRow.swift in Sources */ = {isa = PBXBuildFile; fileRef = 0234F74D2954EDC80012C528 /* PickupTimeRow.swift */; };
		023B23F8294809AD0059654C /* DQAppApp.swift in Sources */ = {isa = PBXBuildFile; fileRef = 023B23F7294809AD0059654C /* DQAppApp.swift */; };
		023B23FA294809AD0059654C /* Welcome.swift in Sources */ = {isa = PBXBuildFile; fileRef = 023B23F9294809AD0059654C /* Welcome.swift */; };
		023B23FC294809AF0059654C /* Assets.xcassets in Resources */ = {isa = PBXBuildFile; fileRef = 023B23FB294809AF0059654C /* Assets.xcassets */; };
		023B23FF294809AF0059654C /* Preview Assets.xcassets in Resources */ = {isa = PBXBuildFile; fileRef = 023B23FE294809AF0059654C /* Preview Assets.xcassets */; };
		023B2406294814F80059654C /* SignInView.swift in Sources */ = {isa = PBXBuildFile; fileRef = 023B2405294814F80059654C /* SignInView.swift */; };
		02555624295396E500602FCB /* Product.swift in Sources */ = {isa = PBXBuildFile; fileRef = 02555623295396E500602FCB /* Product.swift */; };
		0255562829539BD000602FCB /* BlizzardCard.swift in Sources */ = {isa = PBXBuildFile; fileRef = 0255562729539BD000602FCB /* BlizzardCard.swift */; };
		0255562A2953AB6800602FCB /* Blizzards.swift in Sources */ = {isa = PBXBuildFile; fileRef = 025556292953AB6800602FCB /* Blizzards.swift */; };
		0255562C2953B07100602FCB /* BagButton.swift in Sources */ = {isa = PBXBuildFile; fileRef = 0255562B2953B07100602FCB /* BagButton.swift */; };
		0255562E2953C0B400602FCB /* BagView.swift in Sources */ = {isa = PBXBuildFile; fileRef = 0255562D2953C0B400602FCB /* BagView.swift */; };
		025556302953C26500602FCB /* BagManager.swift in Sources */ = {isa = PBXBuildFile; fileRef = 0255562F2953C26500602FCB /* BagManager.swift */; };
		02555633295410B300602FCB /* ProductRow.swift in Sources */ = {isa = PBXBuildFile; fileRef = 02555632295410B300602FCB /* ProductRow.swift */; };
		0255563A2954DF5F00602FCB /* PickupStoreRow.swift in Sources */ = {isa = PBXBuildFile; fileRef = 025556392954DF5F00602FCB /* PickupStoreRow.swift */; };
		0255563C2954EACB00602FCB /* PickupDetailsRow.swift in Sources */ = {isa = PBXBuildFile; fileRef = 0255563B2954EACB00602FCB /* PickupDetailsRow.swift */; };
		025DD0A9295285ED009AFDEF /* slidingMenu.swift in Sources */ = {isa = PBXBuildFile; fileRef = 025DD0A8295285ED009AFDEF /* slidingMenu.swift */; };
		025DD0AB295291D2009AFDEF /* BlueStripesView.swift in Sources */ = {isa = PBXBuildFile; fileRef = 025DD0AA295291D2009AFDEF /* BlueStripesView.swift */; };
		025DD0AE29529707009AFDEF /* RedStripeView.swift in Sources */ = {isa = PBXBuildFile; fileRef = 025DD0AD29529707009AFDEF /* RedStripeView.swift */; };
		025DD0B029529770009AFDEF /* OrangeStripeView.swift in Sources */ = {isa = PBXBuildFile; fileRef = 025DD0AF29529770009AFDEF /* OrangeStripeView.swift */; };
		02F7041D294822FE003A68AD /* GoogleService-Info.plist in Resources */ = {isa = PBXBuildFile; fileRef = 02F7041C294822FE003A68AD /* GoogleService-Info.plist */; };
		02F7041F29482412003A68AD /* DQViewModel.swift in Sources */ = {isa = PBXBuildFile; fileRef = 02F7041E29482412003A68AD /* DQViewModel.swift */; };
		02F704212948358C003A68AD /* SignUpView.swift in Sources */ = {isa = PBXBuildFile; fileRef = 02F704202948358C003A68AD /* SignUpView.swift */; };
		02F7047C294CBD01003A68AD /* DQLocation.swift in Sources */ = {isa = PBXBuildFile; fileRef = 02F7047B294CBD01003A68AD /* DQLocation.swift */; };
		02F7047E294E9523003A68AD /* MainNavigation.swift in Sources */ = {isa = PBXBuildFile; fileRef = 02F7047D294E9523003A68AD /* MainNavigation.swift */; };
		02F70480294E9C1B003A68AD /* orderView.swift in Sources */ = {isa = PBXBuildFile; fileRef = 02F7047F294E9C1B003A68AD /* orderView.swift */; };
		02F70483294E9D6C003A68AD /* rewardView.swift in Sources */ = {isa = PBXBuildFile; fileRef = 02F70482294E9D6C003A68AD /* rewardView.swift */; };
		02F70485294E9D80003A68AD /* dealsView.swift in Sources */ = {isa = PBXBuildFile; fileRef = 02F70484294E9D80003A68AD /* dealsView.swift */; };
		02F70487294E9D98003A68AD /* myDQview.swift in Sources */ = {isa = PBXBuildFile; fileRef = 02F70486294E9D98003A68AD /* myDQview.swift */; };
		02F70489294E9DDC003A68AD /* currentOrderView.swift in Sources */ = {isa = PBXBuildFile; fileRef = 02F70488294E9DDC003A68AD /* currentOrderView.swift */; };
		02F7048C294EA0A6003A68AD /* BottomSheetViews.swift in Sources */ = {isa = PBXBuildFile; fileRef = 02F7048B294EA0A6003A68AD /* BottomSheetViews.swift */; };
		02F704AE2951714F003A68AD /* SlidingTabView in Frameworks */ = {isa = PBXBuildFile; productRef = 02F704AD2951714F003A68AD /* SlidingTabView */; };
		02F704B1295175E9003A68AD /* Treats.swift in Sources */ = {isa = PBXBuildFile; fileRef = 02F704B0295175E9003A68AD /* Treats.swift */; };
		02F704B3295175F5003A68AD /* Food.swift in Sources */ = {isa = PBXBuildFile; fileRef = 02F704B2295175F5003A68AD /* Food.swift */; };
		02F704B5295175FE003A68AD /* Drinks.swift in Sources */ = {isa = PBXBuildFile; fileRef = 02F704B4295175FE003A68AD /* Drinks.swift */; };
		02F704B729517607003A68AD /* Cakes.swift in Sources */ = {isa = PBXBuildFile; fileRef = 02F704B629517607003A68AD /* Cakes.swift */; };
		02F704B929517623003A68AD /* Menu.swift in Sources */ = {isa = PBXBuildFile; fileRef = 02F704B829517623003A68AD /* Menu.swift */; };
		02F704BB29517647003A68AD /* RecentItems.swift in Sources */ = {isa = PBXBuildFile; fileRef = 02F704BA29517647003A68AD /* RecentItems.swift */; };
		02F704BD29517CB2003A68AD /* extensions.swift in Sources */ = {isa = PBXBuildFile; fileRef = 02F704BC29517CB2003A68AD /* extensions.swift */; };
		7D19C7E0F169D586E409E2EA /* Pods_DQApp.framework in Frameworks */ = {isa = PBXBuildFile; fileRef = 85D107EBE4ACB94F46C05A8A /* Pods_DQApp.framework */; };
/* End PBXBuildFile section */

/* Begin PBXFileReference section */
		0234F74D2954EDC80012C528 /* PickupTimeRow.swift */ = {isa = PBXFileReference; lastKnownFileType = sourcecode.swift; path = PickupTimeRow.swift; sourceTree = "<group>"; };
		023B23F4294809AD0059654C /* DQApp.app */ = {isa = PBXFileReference; explicitFileType = wrapper.application; includeInIndex = 0; path = DQApp.app; sourceTree = BUILT_PRODUCTS_DIR; };
		023B23F7294809AD0059654C /* DQAppApp.swift */ = {isa = PBXFileReference; lastKnownFileType = sourcecode.swift; path = DQAppApp.swift; sourceTree = "<group>"; };
		023B23F9294809AD0059654C /* Welcome.swift */ = {isa = PBXFileReference; lastKnownFileType = sourcecode.swift; path = Welcome.swift; sourceTree = "<group>"; };
		023B23FB294809AF0059654C /* Assets.xcassets */ = {isa = PBXFileReference; lastKnownFileType = folder.assetcatalog; path = Assets.xcassets; sourceTree = "<group>"; };
		023B23FE294809AF0059654C /* Preview Assets.xcassets */ = {isa = PBXFileReference; lastKnownFileType = folder.assetcatalog; path = "Preview Assets.xcassets"; sourceTree = "<group>"; };
		023B2405294814F80059654C /* SignInView.swift */ = {isa = PBXFileReference; lastKnownFileType = sourcecode.swift; path = SignInView.swift; sourceTree = "<group>"; };
		02555623295396E500602FCB /* Product.swift */ = {isa = PBXFileReference; lastKnownFileType = sourcecode.swift; path = Product.swift; sourceTree = "<group>"; };
		0255562729539BD000602FCB /* BlizzardCard.swift */ = {isa = PBXFileReference; lastKnownFileType = sourcecode.swift; path = BlizzardCard.swift; sourceTree = "<group>"; };
		025556292953AB6800602FCB /* Blizzards.swift */ = {isa = PBXFileReference; lastKnownFileType = sourcecode.swift; path = Blizzards.swift; sourceTree = "<group>"; };
		0255562B2953B07100602FCB /* BagButton.swift */ = {isa = PBXFileReference; lastKnownFileType = sourcecode.swift; path = BagButton.swift; sourceTree = "<group>"; };
		0255562D2953C0B400602FCB /* BagView.swift */ = {isa = PBXFileReference; lastKnownFileType = sourcecode.swift; path = BagView.swift; sourceTree = "<group>"; };
		0255562F2953C26500602FCB /* BagManager.swift */ = {isa = PBXFileReference; lastKnownFileType = sourcecode.swift; path = BagManager.swift; sourceTree = "<group>"; };
		02555632295410B300602FCB /* ProductRow.swift */ = {isa = PBXFileReference; lastKnownFileType = sourcecode.swift; path = ProductRow.swift; sourceTree = "<group>"; };
		025556392954DF5F00602FCB /* PickupStoreRow.swift */ = {isa = PBXFileReference; lastKnownFileType = sourcecode.swift; path = PickupStoreRow.swift; sourceTree = "<group>"; };
		0255563B2954EACB00602FCB /* PickupDetailsRow.swift */ = {isa = PBXFileReference; lastKnownFileType = sourcecode.swift; path = PickupDetailsRow.swift; sourceTree = "<group>"; };
		025DD0A8295285ED009AFDEF /* slidingMenu.swift */ = {isa = PBXFileReference; lastKnownFileType = sourcecode.swift; path = slidingMenu.swift; sourceTree = "<group>"; };
		025DD0AA295291D2009AFDEF /* BlueStripesView.swift */ = {isa = PBXFileReference; lastKnownFileType = sourcecode.swift; path = BlueStripesView.swift; sourceTree = "<group>"; };
		025DD0AD29529707009AFDEF /* RedStripeView.swift */ = {isa = PBXFileReference; lastKnownFileType = sourcecode.swift; path = RedStripeView.swift; sourceTree = "<group>"; };
		025DD0AF29529770009AFDEF /* OrangeStripeView.swift */ = {isa = PBXFileReference; lastKnownFileType = sourcecode.swift; path = OrangeStripeView.swift; sourceTree = "<group>"; };
		02F7041C294822FE003A68AD /* GoogleService-Info.plist */ = {isa = PBXFileReference; fileEncoding = 4; lastKnownFileType = text.plist.xml; name = "GoogleService-Info.plist"; path = "../../../../Desktop/GoogleService-Info.plist"; sourceTree = "<group>"; };
		02F7041E29482412003A68AD /* DQViewModel.swift */ = {isa = PBXFileReference; lastKnownFileType = sourcecode.swift; path = DQViewModel.swift; sourceTree = "<group>"; };
		02F704202948358C003A68AD /* SignUpView.swift */ = {isa = PBXFileReference; lastKnownFileType = sourcecode.swift; path = SignUpView.swift; sourceTree = "<group>"; };
		02F7047B294CBD01003A68AD /* DQLocation.swift */ = {isa = PBXFileReference; lastKnownFileType = sourcecode.swift; path = DQLocation.swift; sourceTree = "<group>"; };
		02F7047D294E9523003A68AD /* MainNavigation.swift */ = {isa = PBXFileReference; lastKnownFileType = sourcecode.swift; path = MainNavigation.swift; sourceTree = "<group>"; };
		02F7047F294E9C1B003A68AD /* orderView.swift */ = {isa = PBXFileReference; lastKnownFileType = sourcecode.swift; path = orderView.swift; sourceTree = "<group>"; };
		02F70482294E9D6C003A68AD /* rewardView.swift */ = {isa = PBXFileReference; lastKnownFileType = sourcecode.swift; path = rewardView.swift; sourceTree = "<group>"; };
		02F70484294E9D80003A68AD /* dealsView.swift */ = {isa = PBXFileReference; lastKnownFileType = sourcecode.swift; path = dealsView.swift; sourceTree = "<group>"; };
		02F70486294E9D98003A68AD /* myDQview.swift */ = {isa = PBXFileReference; lastKnownFileType = sourcecode.swift; path = myDQview.swift; sourceTree = "<group>"; };
		02F70488294E9DDC003A68AD /* currentOrderView.swift */ = {isa = PBXFileReference; lastKnownFileType = sourcecode.swift; path = currentOrderView.swift; sourceTree = "<group>"; };
		02F7048B294EA0A6003A68AD /* BottomSheetViews.swift */ = {isa = PBXFileReference; lastKnownFileType = sourcecode.swift; path = BottomSheetViews.swift; sourceTree = "<group>"; };
		02F704B0295175E9003A68AD /* Treats.swift */ = {isa = PBXFileReference; lastKnownFileType = sourcecode.swift; path = Treats.swift; sourceTree = "<group>"; };
		02F704B2295175F5003A68AD /* Food.swift */ = {isa = PBXFileReference; lastKnownFileType = sourcecode.swift; path = Food.swift; sourceTree = "<group>"; };
		02F704B4295175FE003A68AD /* Drinks.swift */ = {isa = PBXFileReference; lastKnownFileType = sourcecode.swift; path = Drinks.swift; sourceTree = "<group>"; };
		02F704B629517607003A68AD /* Cakes.swift */ = {isa = PBXFileReference; lastKnownFileType = sourcecode.swift; path = Cakes.swift; sourceTree = "<group>"; };
		02F704B829517623003A68AD /* Menu.swift */ = {isa = PBXFileReference; lastKnownFileType = sourcecode.swift; path = Menu.swift; sourceTree = "<group>"; };
		02F704BA29517647003A68AD /* RecentItems.swift */ = {isa = PBXFileReference; lastKnownFileType = sourcecode.swift; path = RecentItems.swift; sourceTree = "<group>"; };
		02F704BC29517CB2003A68AD /* extensions.swift */ = {isa = PBXFileReference; lastKnownFileType = sourcecode.swift; path = extensions.swift; sourceTree = "<group>"; };
		393DD81B0BB475D40ACFB154 /* Pods-DQApp.debug.xcconfig */ = {isa = PBXFileReference; includeInIndex = 1; lastKnownFileType = text.xcconfig; name = "Pods-DQApp.debug.xcconfig"; path = "Target Support Files/Pods-DQApp/Pods-DQApp.debug.xcconfig"; sourceTree = "<group>"; };
		71FE20A91350784331AFE3EC /* Pods-DQApp.release.xcconfig */ = {isa = PBXFileReference; includeInIndex = 1; lastKnownFileType = text.xcconfig; name = "Pods-DQApp.release.xcconfig"; path = "Target Support Files/Pods-DQApp/Pods-DQApp.release.xcconfig"; sourceTree = "<group>"; };
		85D107EBE4ACB94F46C05A8A /* Pods_DQApp.framework */ = {isa = PBXFileReference; explicitFileType = wrapper.framework; includeInIndex = 0; path = Pods_DQApp.framework; sourceTree = BUILT_PRODUCTS_DIR; };
/* End PBXFileReference section */

/* Begin PBXFrameworksBuildPhase section */
		023B23F1294809AD0059654C /* Frameworks */ = {
			isa = PBXFrameworksBuildPhase;
			buildActionMask = 2147483647;
			files = (
				02F704AE2951714F003A68AD /* SlidingTabView in Frameworks */,
				7D19C7E0F169D586E409E2EA /* Pods_DQApp.framework in Frameworks */,
			);
			runOnlyForDeploymentPostprocessing = 0;
		};
/* End PBXFrameworksBuildPhase section */

/* Begin PBXGroup section */
		023B23EB294809AD0059654C = {
			isa = PBXGroup;
			children = (
				023B23F6294809AD0059654C /* DQApp */,
				023B23F5294809AD0059654C /* Products */,
				5F77DFA27680136E7D106D42 /* Pods */,
				D08F7E880981F5CE721D93DF /* Frameworks */,
			);
			sourceTree = "<group>";
		};
		023B23F5294809AD0059654C /* Products */ = {
			isa = PBXGroup;
			children = (
				023B23F4294809AD0059654C /* DQApp.app */,
			);
			name = Products;
			sourceTree = "<group>";
		};
		023B23F6294809AD0059654C /* DQApp */ = {
			isa = PBXGroup;
			children = (
				02F70479294C450D003A68AD /* Network */,
				02F7047A294C450F003A68AD /* Resources */,
				02F70476294C44F0003A68AD /* Model */,
				02F70478294C450B003A68AD /* ViewModel */,
				02F70477294C4508003A68AD /* Views */,
				02F7041C294822FE003A68AD /* GoogleService-Info.plist */,
				023B23FB294809AF0059654C /* Assets.xcassets */,
				023B23FD294809AF0059654C /* Preview Content */,
			);
			path = DQApp;
			sourceTree = "<group>";
		};
		023B23FD294809AF0059654C /* Preview Content */ = {
			isa = PBXGroup;
			children = (
				023B23FE294809AF0059654C /* Preview Assets.xcassets */,
			);
			path = "Preview Content";
			sourceTree = "<group>";
		};
		0255561F2952EDF800602FCB /* BLizzard */ = {
			isa = PBXGroup;
			children = (
				0255562729539BD000602FCB /* BlizzardCard.swift */,
				025556292953AB6800602FCB /* Blizzards.swift */,
			);
			path = BLizzard;
			sourceTree = "<group>";
		};
		0255563129540B7300602FCB /* BagItems */ = {
			isa = PBXGroup;
			children = (
				025556382954DF1200602FCB /* pickUpRows */,
				0255562D2953C0B400602FCB /* BagView.swift */,
				02555632295410B300602FCB /* ProductRow.swift */,
			);
			path = BagItems;
			sourceTree = "<group>";
		};
		0255563429541A2300602FCB /* Treats */ = {
			isa = PBXGroup;
			children = (
				02F704B0295175E9003A68AD /* Treats.swift */,
				0255561F2952EDF800602FCB /* BLizzard */,
			);
			path = Treats;
			sourceTree = "<group>";
		};
		0255563529541A4200602FCB /* Food */ = {
			isa = PBXGroup;
			children = (
				02F704B2295175F5003A68AD /* Food.swift */,
			);
			path = Food;
			sourceTree = "<group>";
		};
		0255563629541A4B00602FCB /* Drinks */ = {
			isa = PBXGroup;
			children = (
				02F704B4295175FE003A68AD /* Drinks.swift */,
			);
			path = Drinks;
			sourceTree = "<group>";
		};
		0255563729541A6400602FCB /* Cakes */ = {
			isa = PBXGroup;
			children = (
				02F704B629517607003A68AD /* Cakes.swift */,
			);
			path = Cakes;
			sourceTree = "<group>";
		};
		025556382954DF1200602FCB /* pickUpRows */ = {
			isa = PBXGroup;
			children = (
				025556392954DF5F00602FCB /* PickupStoreRow.swift */,
				0255563B2954EACB00602FCB /* PickupDetailsRow.swift */,
				0234F74D2954EDC80012C528 /* PickupTimeRow.swift */,
			);
			path = pickUpRows;
			sourceTree = "<group>";
		};
		025DD0A6295284A1009AFDEF /* Bottom */ = {
			isa = PBXGroup;
			children = (
				02F704BA29517647003A68AD /* RecentItems.swift */,
				02F7048B294EA0A6003A68AD /* BottomSheetViews.swift */,
			);
			path = Bottom;
			sourceTree = "<group>";
		};
		025DD0A7295285D9009AFDEF /* sliding menu */ = {
			isa = PBXGroup;
			children = (
				025DD0A8295285ED009AFDEF /* slidingMenu.swift */,
			);
			path = "sliding menu";
			sourceTree = "<group>";
		};
		025DD0AC29529682009AFDEF /* Stripes */ = {
			isa = PBXGroup;
			children = (
				025DD0AA295291D2009AFDEF /* BlueStripesView.swift */,
				025DD0AD29529707009AFDEF /* RedStripeView.swift */,
				025DD0AF29529770009AFDEF /* OrangeStripeView.swift */,
			);
			path = Stripes;
			sourceTree = "<group>";
		};
		02F70476294C44F0003A68AD /* Model */ = {
			isa = PBXGroup;
			children = (
				02555623295396E500602FCB /* Product.swift */,
			);
			path = Model;
			sourceTree = "<group>";
		};
		02F70477294C4508003A68AD /* Views */ = {
			isa = PBXGroup;
			children = (
				0255563129540B7300602FCB /* BagItems */,
				02F704AF2951755B003A68AD /* MenuViews */,
				02F7048A294EA094003A68AD /* BottomSheet */,
				02F70481294E9D4A003A68AD /* tabBarViews */,
				02F7047D294E9523003A68AD /* MainNavigation.swift */,
				02F704202948358C003A68AD /* SignUpView.swift */,
				023B2405294814F80059654C /* SignInView.swift */,
				023B23F9294809AD0059654C /* Welcome.swift */,
			);
			path = Views;
			sourceTree = "<group>";
		};
		02F70478294C450B003A68AD /* ViewModel */ = {
			isa = PBXGroup;
			children = (
				02F7041E29482412003A68AD /* DQViewModel.swift */,
			);
			path = ViewModel;
			sourceTree = "<group>";
		};
		02F70479294C450D003A68AD /* Network */ = {
			isa = PBXGroup;
			children = (
				02F7047B294CBD01003A68AD /* DQLocation.swift */,
			);
			path = Network;
			sourceTree = "<group>";
		};
		02F7047A294C450F003A68AD /* Resources */ = {
			isa = PBXGroup;
			children = (
				025DD0AC29529682009AFDEF /* Stripes */,
				023B23F7294809AD0059654C /* DQAppApp.swift */,
				02F704BC29517CB2003A68AD /* extensions.swift */,
				0255562B2953B07100602FCB /* BagButton.swift */,
				0255562F2953C26500602FCB /* BagManager.swift */,
			);
			path = Resources;
			sourceTree = "<group>";
		};
		02F70481294E9D4A003A68AD /* tabBarViews */ = {
			isa = PBXGroup;
			children = (
				02F7047F294E9C1B003A68AD /* orderView.swift */,
				02F70482294E9D6C003A68AD /* rewardView.swift */,
				02F70484294E9D80003A68AD /* dealsView.swift */,
				02F70486294E9D98003A68AD /* myDQview.swift */,
				02F70488294E9DDC003A68AD /* currentOrderView.swift */,
			);
			path = tabBarViews;
			sourceTree = "<group>";
		};
		02F7048A294EA094003A68AD /* BottomSheet */ = {
			isa = PBXGroup;
			children = (
				025DD0A6295284A1009AFDEF /* Bottom */,
			);
			path = BottomSheet;
			sourceTree = "<group>";
		};
		02F704AF2951755B003A68AD /* MenuViews */ = {
			isa = PBXGroup;
			children = (
				02F704B829517623003A68AD /* Menu.swift */,
				0255563729541A6400602FCB /* Cakes */,
				0255563629541A4B00602FCB /* Drinks */,
				0255563529541A4200602FCB /* Food */,
				0255563429541A2300602FCB /* Treats */,
				025DD0A7295285D9009AFDEF /* sliding menu */,
			);
			path = MenuViews;
			sourceTree = "<group>";
		};
		5F77DFA27680136E7D106D42 /* Pods */ = {
			isa = PBXGroup;
			children = (
				393DD81B0BB475D40ACFB154 /* Pods-DQApp.debug.xcconfig */,
				71FE20A91350784331AFE3EC /* Pods-DQApp.release.xcconfig */,
			);
			path = Pods;
			sourceTree = "<group>";
		};
		D08F7E880981F5CE721D93DF /* Frameworks */ = {
			isa = PBXGroup;
			children = (
				85D107EBE4ACB94F46C05A8A /* Pods_DQApp.framework */,
			);
			name = Frameworks;
			sourceTree = "<group>";
		};
/* End PBXGroup section */

/* Begin PBXNativeTarget section */
		023B23F3294809AD0059654C /* DQApp */ = {
			isa = PBXNativeTarget;
			buildConfigurationList = 023B2402294809AF0059654C /* Build configuration list for PBXNativeTarget "DQApp" */;
			buildPhases = (
				498DC4737445F8300BD73CFA /* [CP] Check Pods Manifest.lock */,
				023B23F0294809AD0059654C /* Sources */,
				023B23F1294809AD0059654C /* Frameworks */,
				023B23F2294809AD0059654C /* Resources */,
				97051A5BA905AC794E2E3BC0 /* [CP] Embed Pods Frameworks */,
			);
			buildRules = (
			);
			dependencies = (
			);
			name = DQApp;
			packageProductDependencies = (
				02F704AD2951714F003A68AD /* SlidingTabView */,
			);
			productName = DQApp;
			productReference = 023B23F4294809AD0059654C /* DQApp.app */;
			productType = "com.apple.product-type.application";
		};
/* End PBXNativeTarget section */

/* Begin PBXProject section */
		023B23EC294809AD0059654C /* Project object */ = {
			isa = PBXProject;
			attributes = {
				BuildIndependentTargetsInParallel = 1;
				LastSwiftUpdateCheck = 1400;
				LastUpgradeCheck = 1400;
				TargetAttributes = {
					023B23F3294809AD0059654C = {
						CreatedOnToolsVersion = 14.0.1;
					};
				};
			};
			buildConfigurationList = 023B23EF294809AD0059654C /* Build configuration list for PBXProject "DQApp" */;
			compatibilityVersion = "Xcode 14.0";
			developmentRegion = en;
			hasScannedForEncodings = 0;
			knownRegions = (
				en,
				Base,
			);
			mainGroup = 023B23EB294809AD0059654C;
			packageReferences = (
				02F704AC2951714F003A68AD /* XCRemoteSwiftPackageReference "SlidingTabView" */,
			);
			productRefGroup = 023B23F5294809AD0059654C /* Products */;
			projectDirPath = "";
			projectRoot = "";
			targets = (
				023B23F3294809AD0059654C /* DQApp */,
			);
		};
/* End PBXProject section */

/* Begin PBXResourcesBuildPhase section */
		023B23F2294809AD0059654C /* Resources */ = {
			isa = PBXResourcesBuildPhase;
			buildActionMask = 2147483647;
			files = (
				023B23FF294809AF0059654C /* Preview Assets.xcassets in Resources */,
				023B23FC294809AF0059654C /* Assets.xcassets in Resources */,
				02F7041D294822FE003A68AD /* GoogleService-Info.plist in Resources */,
			);
			runOnlyForDeploymentPostprocessing = 0;
		};
/* End PBXResourcesBuildPhase section */

/* Begin PBXShellScriptBuildPhase section */
		498DC4737445F8300BD73CFA /* [CP] Check Pods Manifest.lock */ = {
			isa = PBXShellScriptBuildPhase;
			buildActionMask = 2147483647;
			files = (
			);
			inputFileListPaths = (
			);
			inputPaths = (
				"${PODS_PODFILE_DIR_PATH}/Podfile.lock",
				"${PODS_ROOT}/Manifest.lock",
			);
			name = "[CP] Check Pods Manifest.lock";
			outputFileListPaths = (
			);
			outputPaths = (
				"$(DERIVED_FILE_DIR)/Pods-DQApp-checkManifestLockResult.txt",
			);
			runOnlyForDeploymentPostprocessing = 0;
			shellPath = /bin/sh;
			shellScript = "diff \"${PODS_PODFILE_DIR_PATH}/Podfile.lock\" \"${PODS_ROOT}/Manifest.lock\" > /dev/null\nif [ $? != 0 ] ; then\n    # print error to STDERR\n    echo \"error: The sandbox is not in sync with the Podfile.lock. Run 'pod install' or update your CocoaPods installation.\" >&2\n    exit 1\nfi\n# This output is used by Xcode 'outputs' to avoid re-running this script phase.\necho \"SUCCESS\" > \"${SCRIPT_OUTPUT_FILE_0}\"\n";
			showEnvVarsInLog = 0;
		};
		97051A5BA905AC794E2E3BC0 /* [CP] Embed Pods Frameworks */ = {
			isa = PBXShellScriptBuildPhase;
			buildActionMask = 2147483647;
			files = (
			);
			inputFileListPaths = (
				"${PODS_ROOT}/Target Support Files/Pods-DQApp/Pods-DQApp-frameworks-${CONFIGURATION}-input-files.xcfilelist",
			);
			name = "[CP] Embed Pods Frameworks";
			outputFileListPaths = (
				"${PODS_ROOT}/Target Support Files/Pods-DQApp/Pods-DQApp-frameworks-${CONFIGURATION}-output-files.xcfilelist",
			);
			runOnlyForDeploymentPostprocessing = 0;
			shellPath = /bin/sh;
			shellScript = "\"${PODS_ROOT}/Target Support Files/Pods-DQApp/Pods-DQApp-frameworks.sh\"\n";
			showEnvVarsInLog = 0;
		};
/* End PBXShellScriptBuildPhase section */

/* Begin PBXSourcesBuildPhase section */
		023B23F0294809AD0059654C /* Sources */ = {
			isa = PBXSourcesBuildPhase;
			buildActionMask = 2147483647;
			files = (
				0255563A2954DF5F00602FCB /* PickupStoreRow.swift in Sources */,
				02555624295396E500602FCB /* Product.swift in Sources */,
				025DD0AB295291D2009AFDEF /* BlueStripesView.swift in Sources */,
				02F70485294E9D80003A68AD /* dealsView.swift in Sources */,
				02F704B729517607003A68AD /* Cakes.swift in Sources */,
				02555633295410B300602FCB /* ProductRow.swift in Sources */,
				023B2406294814F80059654C /* SignInView.swift in Sources */,
				02F704B5295175FE003A68AD /* Drinks.swift in Sources */,
				0255562E2953C0B400602FCB /* BagView.swift in Sources */,
				02F704B3295175F5003A68AD /* Food.swift in Sources */,
				0255563C2954EACB00602FCB /* PickupDetailsRow.swift in Sources */,
				02F704BB29517647003A68AD /* RecentItems.swift in Sources */,
				025DD0B029529770009AFDEF /* OrangeStripeView.swift in Sources */,
				0234F74E2954EDC80012C528 /* PickupTimeRow.swift in Sources */,
				0255562C2953B07100602FCB /* BagButton.swift in Sources */,
				02F70480294E9C1B003A68AD /* orderView.swift in Sources */,
				02F704B929517623003A68AD /* Menu.swift in Sources */,
				02F704212948358C003A68AD /* SignUpView.swift in Sources */,
				02F7047E294E9523003A68AD /* MainNavigation.swift in Sources */,
				025556302953C26500602FCB /* BagManager.swift in Sources */,
				02F70487294E9D98003A68AD /* myDQview.swift in Sources */,
				0255562A2953AB6800602FCB /* Blizzards.swift in Sources */,
				02F7041F29482412003A68AD /* DQViewModel.swift in Sources */,
				02F7048C294EA0A6003A68AD /* BottomSheetViews.swift in Sources */,
				02F7047C294CBD01003A68AD /* DQLocation.swift in Sources */,
				023B23FA294809AD0059654C /* Welcome.swift in Sources */,
				02F704BD29517CB2003A68AD /* extensions.swift in Sources */,
				02F704B1295175E9003A68AD /* Treats.swift in Sources */,
				023B23F8294809AD0059654C /* DQAppApp.swift in Sources */,
				02F70483294E9D6C003A68AD /* rewardView.swift in Sources */,
				02F70489294E9DDC003A68AD /* currentOrderView.swift in Sources */,
				0255562829539BD000602FCB /* BlizzardCard.swift in Sources */,
				025DD0A9295285ED009AFDEF /* slidingMenu.swift in Sources */,
				025DD0AE29529707009AFDEF /* RedStripeView.swift in Sources */,
			);
			runOnlyForDeploymentPostprocessing = 0;
		};
/* End PBXSourcesBuildPhase section */

/* Begin XCBuildConfiguration section */
		023B2400294809AF0059654C /* Debug */ = {
			isa = XCBuildConfiguration;
			buildSettings = {
				ALWAYS_SEARCH_USER_PATHS = NO;
				CLANG_ANALYZER_NONNULL = YES;
				CLANG_ANALYZER_NUMBER_OBJECT_CONVERSION = YES_AGGRESSIVE;
				CLANG_CXX_LANGUAGE_STANDARD = "gnu++20";
				CLANG_ENABLE_MODULES = YES;
				CLANG_ENABLE_OBJC_ARC = YES;
				CLANG_ENABLE_OBJC_WEAK = YES;
				CLANG_WARN_BLOCK_CAPTURE_AUTORELEASING = YES;
				CLANG_WARN_BOOL_CONVERSION = YES;
				CLANG_WARN_COMMA = YES;
				CLANG_WARN_CONSTANT_CONVERSION = YES;
				CLANG_WARN_DEPRECATED_OBJC_IMPLEMENTATIONS = YES;
				CLANG_WARN_DIRECT_OBJC_ISA_USAGE = YES_ERROR;
				CLANG_WARN_DOCUMENTATION_COMMENTS = YES;
				CLANG_WARN_EMPTY_BODY = YES;
				CLANG_WARN_ENUM_CONVERSION = YES;
				CLANG_WARN_INFINITE_RECURSION = YES;
				CLANG_WARN_INT_CONVERSION = YES;
				CLANG_WARN_NON_LITERAL_NULL_CONVERSION = YES;
				CLANG_WARN_OBJC_IMPLICIT_RETAIN_SELF = YES;
				CLANG_WARN_OBJC_LITERAL_CONVERSION = YES;
				CLANG_WARN_OBJC_ROOT_CLASS = YES_ERROR;
				CLANG_WARN_QUOTED_INCLUDE_IN_FRAMEWORK_HEADER = YES;
				CLANG_WARN_RANGE_LOOP_ANALYSIS = YES;
				CLANG_WARN_STRICT_PROTOTYPES = YES;
				CLANG_WARN_SUSPICIOUS_MOVE = YES;
				CLANG_WARN_UNGUARDED_AVAILABILITY = YES_AGGRESSIVE;
				CLANG_WARN_UNREACHABLE_CODE = YES;
				CLANG_WARN__DUPLICATE_METHOD_MATCH = YES;
				COPY_PHASE_STRIP = NO;
				DEBUG_INFORMATION_FORMAT = dwarf;
				ENABLE_STRICT_OBJC_MSGSEND = YES;
				ENABLE_TESTABILITY = YES;
				GCC_C_LANGUAGE_STANDARD = gnu11;
				GCC_DYNAMIC_NO_PIC = NO;
				GCC_NO_COMMON_BLOCKS = YES;
				GCC_OPTIMIZATION_LEVEL = 0;
				GCC_PREPROCESSOR_DEFINITIONS = (
					"DEBUG=1",
					"$(inherited)",
				);
				GCC_WARN_64_TO_32_BIT_CONVERSION = YES;
				GCC_WARN_ABOUT_RETURN_TYPE = YES_ERROR;
				GCC_WARN_UNDECLARED_SELECTOR = YES;
				GCC_WARN_UNINITIALIZED_AUTOS = YES_AGGRESSIVE;
				GCC_WARN_UNUSED_FUNCTION = YES;
				GCC_WARN_UNUSED_VARIABLE = YES;
				IPHONEOS_DEPLOYMENT_TARGET = 16.0;
				MTL_ENABLE_DEBUG_INFO = INCLUDE_SOURCE;
				MTL_FAST_MATH = YES;
				ONLY_ACTIVE_ARCH = YES;
				SDKROOT = iphoneos;
				SWIFT_ACTIVE_COMPILATION_CONDITIONS = DEBUG;
				SWIFT_OPTIMIZATION_LEVEL = "-Onone";
			};
			name = Debug;
		};
		023B2401294809AF0059654C /* Release */ = {
			isa = XCBuildConfiguration;
			buildSettings = {
				ALWAYS_SEARCH_USER_PATHS = NO;
				CLANG_ANALYZER_NONNULL = YES;
				CLANG_ANALYZER_NUMBER_OBJECT_CONVERSION = YES_AGGRESSIVE;
				CLANG_CXX_LANGUAGE_STANDARD = "gnu++20";
				CLANG_ENABLE_MODULES = YES;
				CLANG_ENABLE_OBJC_ARC = YES;
				CLANG_ENABLE_OBJC_WEAK = YES;
				CLANG_WARN_BLOCK_CAPTURE_AUTORELEASING = YES;
				CLANG_WARN_BOOL_CONVERSION = YES;
				CLANG_WARN_COMMA = YES;
				CLANG_WARN_CONSTANT_CONVERSION = YES;
				CLANG_WARN_DEPRECATED_OBJC_IMPLEMENTATIONS = YES;
				CLANG_WARN_DIRECT_OBJC_ISA_USAGE = YES_ERROR;
				CLANG_WARN_DOCUMENTATION_COMMENTS = YES;
				CLANG_WARN_EMPTY_BODY = YES;
				CLANG_WARN_ENUM_CONVERSION = YES;
				CLANG_WARN_INFINITE_RECURSION = YES;
				CLANG_WARN_INT_CONVERSION = YES;
				CLANG_WARN_NON_LITERAL_NULL_CONVERSION = YES;
				CLANG_WARN_OBJC_IMPLICIT_RETAIN_SELF = YES;
				CLANG_WARN_OBJC_LITERAL_CONVERSION = YES;
				CLANG_WARN_OBJC_ROOT_CLASS = YES_ERROR;
				CLANG_WARN_QUOTED_INCLUDE_IN_FRAMEWORK_HEADER = YES;
				CLANG_WARN_RANGE_LOOP_ANALYSIS = YES;
				CLANG_WARN_STRICT_PROTOTYPES = YES;
				CLANG_WARN_SUSPICIOUS_MOVE = YES;
				CLANG_WARN_UNGUARDED_AVAILABILITY = YES_AGGRESSIVE;
				CLANG_WARN_UNREACHABLE_CODE = YES;
				CLANG_WARN__DUPLICATE_METHOD_MATCH = YES;
				COPY_PHASE_STRIP = NO;
				DEBUG_INFORMATION_FORMAT = "dwarf-with-dsym";
				ENABLE_NS_ASSERTIONS = NO;
				ENABLE_STRICT_OBJC_MSGSEND = YES;
				GCC_C_LANGUAGE_STANDARD = gnu11;
				GCC_NO_COMMON_BLOCKS = YES;
				GCC_WARN_64_TO_32_BIT_CONVERSION = YES;
				GCC_WARN_ABOUT_RETURN_TYPE = YES_ERROR;
				GCC_WARN_UNDECLARED_SELECTOR = YES;
				GCC_WARN_UNINITIALIZED_AUTOS = YES_AGGRESSIVE;
				GCC_WARN_UNUSED_FUNCTION = YES;
				GCC_WARN_UNUSED_VARIABLE = YES;
				IPHONEOS_DEPLOYMENT_TARGET = 16.0;
				MTL_ENABLE_DEBUG_INFO = NO;
				MTL_FAST_MATH = YES;
				SDKROOT = iphoneos;
				SWIFT_COMPILATION_MODE = wholemodule;
				SWIFT_OPTIMIZATION_LEVEL = "-O";
				VALIDATE_PRODUCT = YES;
			};
			name = Release;
		};
		023B2403294809AF0059654C /* Debug */ = {
			isa = XCBuildConfiguration;
			baseConfigurationReference = 393DD81B0BB475D40ACFB154 /* Pods-DQApp.debug.xcconfig */;
			buildSettings = {
				ASSETCATALOG_COMPILER_APPICON_NAME = AppIcon;
				ASSETCATALOG_COMPILER_GLOBAL_ACCENT_COLOR_NAME = AccentColor;
				CODE_SIGN_STYLE = Automatic;
				CURRENT_PROJECT_VERSION = 1;
				DEVELOPMENT_ASSET_PATHS = "\"DQApp/Preview Content\"";
				ENABLE_PREVIEWS = YES;
				GENERATE_INFOPLIST_FILE = YES;
				INFOPLIST_KEY_UIApplicationSceneManifest_Generation = YES;
				INFOPLIST_KEY_UIApplicationSupportsIndirectInputEvents = YES;
				INFOPLIST_KEY_UILaunchScreen_Generation = YES;
				INFOPLIST_KEY_UISupportedInterfaceOrientations_iPad = "UIInterfaceOrientationPortrait UIInterfaceOrientationPortraitUpsideDown UIInterfaceOrientationLandscapeLeft UIInterfaceOrientationLandscapeRight";
				INFOPLIST_KEY_UISupportedInterfaceOrientations_iPhone = "UIInterfaceOrientationPortrait UIInterfaceOrientationLandscapeLeft UIInterfaceOrientationLandscapeRight";
				LD_RUNPATH_SEARCH_PATHS = (
					"$(inherited)",
					"@executable_path/Frameworks",
				);
				MARKETING_VERSION = 1.0;
				PRODUCT_BUNDLE_IDENTIFIER = enhanceIT.DQApp;
				PRODUCT_NAME = "$(TARGET_NAME)";
				SWIFT_EMIT_LOC_STRINGS = YES;
				SWIFT_VERSION = 5.0;
				TARGETED_DEVICE_FAMILY = "1,2";
			};
			name = Debug;
		};
		023B2404294809AF0059654C /* Release */ = {
			isa = XCBuildConfiguration;
			baseConfigurationReference = 71FE20A91350784331AFE3EC /* Pods-DQApp.release.xcconfig */;
			buildSettings = {
				ASSETCATALOG_COMPILER_APPICON_NAME = AppIcon;
				ASSETCATALOG_COMPILER_GLOBAL_ACCENT_COLOR_NAME = AccentColor;
				CODE_SIGN_STYLE = Automatic;
				CURRENT_PROJECT_VERSION = 1;
				DEVELOPMENT_ASSET_PATHS = "\"DQApp/Preview Content\"";
				ENABLE_PREVIEWS = YES;
				GENERATE_INFOPLIST_FILE = YES;
				INFOPLIST_KEY_UIApplicationSceneManifest_Generation = YES;
				INFOPLIST_KEY_UIApplicationSupportsIndirectInputEvents = YES;
				INFOPLIST_KEY_UILaunchScreen_Generation = YES;
				INFOPLIST_KEY_UISupportedInterfaceOrientations_iPad = "UIInterfaceOrientationPortrait UIInterfaceOrientationPortraitUpsideDown UIInterfaceOrientationLandscapeLeft UIInterfaceOrientationLandscapeRight";
				INFOPLIST_KEY_UISupportedInterfaceOrientations_iPhone = "UIInterfaceOrientationPortrait UIInterfaceOrientationLandscapeLeft UIInterfaceOrientationLandscapeRight";
				LD_RUNPATH_SEARCH_PATHS = (
					"$(inherited)",
					"@executable_path/Frameworks",
				);
				MARKETING_VERSION = 1.0;
				PRODUCT_BUNDLE_IDENTIFIER = enhanceIT.DQApp;
				PRODUCT_NAME = "$(TARGET_NAME)";
				SWIFT_EMIT_LOC_STRINGS = YES;
				SWIFT_VERSION = 5.0;
				TARGETED_DEVICE_FAMILY = "1,2";
			};
			name = Release;
		};
/* End XCBuildConfiguration section */

/* Begin XCConfigurationList section */
		023B23EF294809AD0059654C /* Build configuration list for PBXProject "DQApp" */ = {
			isa = XCConfigurationList;
			buildConfigurations = (
				023B2400294809AF0059654C /* Debug */,
				023B2401294809AF0059654C /* Release */,
			);
			defaultConfigurationIsVisible = 0;
			defaultConfigurationName = Release;
		};
		023B2402294809AF0059654C /* Build configuration list for PBXNativeTarget "DQApp" */ = {
			isa = XCConfigurationList;
			buildConfigurations = (
				023B2403294809AF0059654C /* Debug */,
				023B2404294809AF0059654C /* Release */,
			);
			defaultConfigurationIsVisible = 0;
			defaultConfigurationName = Release;
		};
/* End XCConfigurationList section */

/* Begin XCRemoteSwiftPackageReference section */
		02F704AC2951714F003A68AD /* XCRemoteSwiftPackageReference "SlidingTabView" */ = {
			isa = XCRemoteSwiftPackageReference;
			repositoryURL = "https://github.com/QuynhNguyen/SlidingTabView";
			requirement = {
				branch = master;
				kind = branch;
			};
		};
/* End XCRemoteSwiftPackageReference section */

/* Begin XCSwiftPackageProductDependency section */
		02F704AD2951714F003A68AD /* SlidingTabView */ = {
			isa = XCSwiftPackageProductDependency;
			package = 02F704AC2951714F003A68AD /* XCRemoteSwiftPackageReference "SlidingTabView" */;
			productName = SlidingTabView;
		};
/* End XCSwiftPackageProductDependency section */
	};
	rootObject = 023B23EC294809AD0059654C /* Project object */;
}
